
Microsoft Visual Studio Solution File, Format Version 12.00
# Visual Studio Version 17
VisualStudioVersion = 17.3.32825.248
MinimumVisualStudioVersion = 10.0.40219.1
Project("{FAE04EC0-301F-11D3-BF4B-00C04F79EFBC}") = "Maiboroda_4.2_Var-3", "Maiboroda_4.2_Var-3\Maiboroda_4.2_Var-3.csproj", "{1C410306-7A25-4048-852C-D01AAE4861DB}"
EndProject
Global
	GlobalSection(SolutionConfigurationPlatforms) = preSolution
		Debug|Any CPU = Debug|Any CPU
		Release|Any CPU = Release|Any CPU
	EndGlobalSection
	GlobalSection(ProjectConfigurationPlatforms) = postSolution
		{1C410306-7A25-4048-852C-D01AAE4861DB}.Debug|Any CPU.ActiveCfg = Debug|Any CPU
		{1C410306-7A25-4048-852C-D01AAE4861DB}.Debug|Any CPU.Build.0 = Debug|Any CPU
		{1C410306-7A25-4048-852C-D01AAE4861DB}.Release|Any CPU.ActiveCfg = Release|Any CPU
		{1C410306-7A25-4048-852C-D01AAE4861DB}.Release|Any CPU.Build.0 = Release|Any CPU
	EndGlobalSection
	GlobalSection(SolutionProperties) = preSolution
		HideSolutionNode = FALSE
	EndGlobalSection
	GlobalSection(ExtensibilityGlobals) = postSolution
		SolutionGuid = {B9D3A846-D47B-4E0F-B9EE-B444CB89D23A}
	EndGlobalSection
EndGlobal
